
Microsoft Visual Studio Solution File, Format Version 10.00
# Visual Studio 2008
Project("{8BC9CEB8-8B4A-11D0-8D11-00A0C91BC942}") = "MFC_Database_01", "MFC_Database_01\MFC_Database_01.vcproj", "{3062DB8B-C836-4C7C-A93B-F46915A78827}"
EndProject
Global
	GlobalSection(SolutionConfigurationPlatforms) = preSolution
		Debug|Win32 = Debug|Win32
		Release|Win32 = Release|Win32
	EndGlobalSection
	GlobalSection(ProjectConfigurationPlatforms) = postSolution
		{3062DB8B-C836-4C7C-A93B-F46915A78827}.Debug|Win32.ActiveCfg = Debug|Win32
		{3062DB8B-C836-4C7C-A93B-F46915A78827}.Debug|Win32.Build.0 = Debug|Win32
		{3062DB8B-C836-4C7C-A93B-F46915A78827}.Release|Win32.ActiveCfg = Release|Win32
		{3062DB8B-C836-4C7C-A93B-F46915A78827}.Release|Win32.Build.0 = Release|Win32
	EndGlobalSection
	GlobalSection(SolutionProperties) = preSolution
		HideSolutionNode = FALSE
	EndGlobalSection
EndGlobal
