
Microsoft Visual Studio Solution File, Format Version 10.00
# Visual Studio 2008
Project("{8BC9CEB8-8B4A-11D0-8D11-00A0C91BC942}") = "MFC_display_control_01", "MFC_display_control_01\MFC_display_control_01.vcproj", "{BF423CD5-FB0F-4DFE-AD14-A9B6595A50B0}"
EndProject
Global
	GlobalSection(SolutionConfigurationPlatforms) = preSolution
		Debug|Win32 = Debug|Win32
		Release|Win32 = Release|Win32
	EndGlobalSection
	GlobalSection(ProjectConfigurationPlatforms) = postSolution
		{BF423CD5-FB0F-4DFE-AD14-A9B6595A50B0}.Debug|Win32.ActiveCfg = Debug|Win32
		{BF423CD5-FB0F-4DFE-AD14-A9B6595A50B0}.Debug|Win32.Build.0 = Debug|Win32
		{BF423CD5-FB0F-4DFE-AD14-A9B6595A50B0}.Release|Win32.ActiveCfg = Release|Win32
		{BF423CD5-FB0F-4DFE-AD14-A9B6595A50B0}.Release|Win32.Build.0 = Release|Win32
	EndGlobalSection
	GlobalSection(SolutionProperties) = preSolution
		HideSolutionNode = FALSE
	EndGlobalSection
EndGlobal
